
Microsoft Visual Studio Solution File, Format Version 12.00
# Visual Studio 2013
VisualStudioVersion = 12.0.40629.0
MinimumVisualStudioVersion = 10.0.40219.1
Project("{FAE04EC0-301F-11D3-BF4B-00C04F79EFBC}") = "OpenViceWin", "OpenViceWin\OpenViceWin.csproj", "{30716509-ACA1-4C65-B357-15DA722AA296}"
EndProject
Project("{FAE04EC0-301F-11D3-BF4B-00C04F79EFBC}") = "OpenViceGL", "OpenViceGL\OpenViceGL.csproj", "{A4C02D05-C93D-4EE2-9F74-5023C504A149}"
EndProject
Project("{FAE04EC0-301F-11D3-BF4B-00C04F79EFBC}") = "OpenViceData", "OpenViceData\OpenViceData.csproj", "{C2919507-761A-4BD1-A63A-24FB9D7FD6E2}"
EndProject
Project("{FAE04EC0-301F-11D3-BF4B-00C04F79EFBC}") = "OpenVice", "OpenVice\OpenVice.csproj", "{10CCB819-2363-45D4-8173-825C6EF988FE}"
EndProject
Project("{FAE04EC0-301F-11D3-BF4B-00C04F79EFBC}") = "MP3Sharp", "MP3Sharp\MP3Sharp.csproj", "{BF3B29F8-DA04-4973-93DB-144A5BBE2472}"
EndProject
Global
	GlobalSection(SolutionConfigurationPlatforms) = preSolution
		Debug|Any CPU = Debug|Any CPU
		Debug|x64 = Debug|x64
		Debug|x86 = Debug|x86
		Documentation|Any CPU = Documentation|Any CPU
		Documentation|x64 = Documentation|x64
		Documentation|x86 = Documentation|x86
		Nsis|Any CPU = Nsis|Any CPU
		Nsis|x64 = Nsis|x64
		Nsis|x86 = Nsis|x86
		Release|Any CPU = Release|Any CPU
		Release|x64 = Release|x64
		Release|x86 = Release|x86
	EndGlobalSection
	GlobalSection(ProjectConfigurationPlatforms) = postSolution
		{30716509-ACA1-4C65-B357-15DA722AA296}.Debug|Any CPU.ActiveCfg = Debug|Any CPU
		{30716509-ACA1-4C65-B357-15DA722AA296}.Debug|Any CPU.Build.0 = Debug|Any CPU
		{30716509-ACA1-4C65-B357-15DA722AA296}.Debug|x64.ActiveCfg = Debug|Any CPU
		{30716509-ACA1-4C65-B357-15DA722AA296}.Debug|x86.ActiveCfg = Debug|Any CPU
		{30716509-ACA1-4C65-B357-15DA722AA296}.Documentation|Any CPU.ActiveCfg = Debug|Any CPU
		{30716509-ACA1-4C65-B357-15DA722AA296}.Documentation|Any CPU.Build.0 = Debug|Any CPU
		{30716509-ACA1-4C65-B357-15DA722AA296}.Documentation|x64.ActiveCfg = Debug|Any CPU
		{30716509-ACA1-4C65-B357-15DA722AA296}.Documentation|x86.ActiveCfg = Debug|Any CPU
		{30716509-ACA1-4C65-B357-15DA722AA296}.Nsis|Any CPU.ActiveCfg = Release|Any CPU
		{30716509-ACA1-4C65-B357-15DA722AA296}.Nsis|Any CPU.Build.0 = Release|Any CPU
		{30716509-ACA1-4C65-B357-15DA722AA296}.Nsis|x64.ActiveCfg = Release|Any CPU
		{30716509-ACA1-4C65-B357-15DA722AA296}.Nsis|x86.ActiveCfg = Release|Any CPU
		{30716509-ACA1-4C65-B357-15DA722AA296}.Release|Any CPU.ActiveCfg = Release|Any CPU
		{30716509-ACA1-4C65-B357-15DA722AA296}.Release|Any CPU.Build.0 = Release|Any CPU
		{30716509-ACA1-4C65-B357-15DA722AA296}.Release|x64.ActiveCfg = Release|Any CPU
		{30716509-ACA1-4C65-B357-15DA722AA296}.Release|x86.ActiveCfg = Release|Any CPU
		{A4C02D05-C93D-4EE2-9F74-5023C504A149}.Debug|Any CPU.ActiveCfg = Debug|Any CPU
		{A4C02D05-C93D-4EE2-9F74-5023C504A149}.Debug|Any CPU.Build.0 = Debug|Any CPU
		{A4C02D05-C93D-4EE2-9F74-5023C504A149}.Debug|x64.ActiveCfg = Debug|Any CPU
		{A4C02D05-C93D-4EE2-9F74-5023C504A149}.Debug|x86.ActiveCfg = Debug|Any CPU
		{A4C02D05-C93D-4EE2-9F74-5023C504A149}.Documentation|Any CPU.ActiveCfg = Debug|Any CPU
		{A4C02D05-C93D-4EE2-9F74-5023C504A149}.Documentation|Any CPU.Build.0 = Debug|Any CPU
		{A4C02D05-C93D-4EE2-9F74-5023C504A149}.Documentation|x64.ActiveCfg = Debug|Any CPU
		{A4C02D05-C93D-4EE2-9F74-5023C504A149}.Documentation|x86.ActiveCfg = Debug|Any CPU
		{A4C02D05-C93D-4EE2-9F74-5023C504A149}.Nsis|Any CPU.ActiveCfg = Release|Any CPU
		{A4C02D05-C93D-4EE2-9F74-5023C504A149}.Nsis|Any CPU.Build.0 = Release|Any CPU
		{A4C02D05-C93D-4EE2-9F74-5023C504A149}.Nsis|x64.ActiveCfg = Release|Any CPU
		{A4C02D05-C93D-4EE2-9F74-5023C504A149}.Nsis|x86.ActiveCfg = Release|Any CPU
		{A4C02D05-C93D-4EE2-9F74-5023C504A149}.Release|Any CPU.ActiveCfg = Release|Any CPU
		{A4C02D05-C93D-4EE2-9F74-5023C504A149}.Release|Any CPU.Build.0 = Release|Any CPU
		{A4C02D05-C93D-4EE2-9F74-5023C504A149}.Release|x64.ActiveCfg = Release|Any CPU
		{A4C02D05-C93D-4EE2-9F74-5023C504A149}.Release|x86.ActiveCfg = Release|Any CPU
		{C2919507-761A-4BD1-A63A-24FB9D7FD6E2}.Debug|Any CPU.ActiveCfg = Debug|Any CPU
		{C2919507-761A-4BD1-A63A-24FB9D7FD6E2}.Debug|Any CPU.Build.0 = Debug|Any CPU
		{C2919507-761A-4BD1-A63A-24FB9D7FD6E2}.Debug|x64.ActiveCfg = Debug|Any CPU
		{C2919507-761A-4BD1-A63A-24FB9D7FD6E2}.Debug|x86.ActiveCfg = Debug|Any CPU
		{C2919507-761A-4BD1-A63A-24FB9D7FD6E2}.Documentation|Any CPU.ActiveCfg = Debug|Any CPU
		{C2919507-761A-4BD1-A63A-24FB9D7FD6E2}.Documentation|Any CPU.Build.0 = Debug|Any CPU
		{C2919507-761A-4BD1-A63A-24FB9D7FD6E2}.Documentation|x64.ActiveCfg = Debug|Any CPU
		{C2919507-761A-4BD1-A63A-24FB9D7FD6E2}.Documentation|x86.ActiveCfg = Debug|Any CPU
		{C2919507-761A-4BD1-A63A-24FB9D7FD6E2}.Nsis|Any CPU.ActiveCfg = Release|Any CPU
		{C2919507-761A-4BD1-A63A-24FB9D7FD6E2}.Nsis|Any CPU.Build.0 = Release|Any CPU
		{C2919507-761A-4BD1-A63A-24FB9D7FD6E2}.Nsis|x64.ActiveCfg = Release|Any CPU
		{C2919507-761A-4BD1-A63A-24FB9D7FD6E2}.Nsis|x86.ActiveCfg = Release|Any CPU
		{C2919507-761A-4BD1-A63A-24FB9D7FD6E2}.Release|Any CPU.ActiveCfg = Release|Any CPU
		{C2919507-761A-4BD1-A63A-24FB9D7FD6E2}.Release|Any CPU.Build.0 = Release|Any CPU
		{C2919507-761A-4BD1-A63A-24FB9D7FD6E2}.Release|x64.ActiveCfg = Release|Any CPU
		{C2919507-761A-4BD1-A63A-24FB9D7FD6E2}.Release|x86.ActiveCfg = Release|Any CPU
		{10CCB819-2363-45D4-8173-825C6EF988FE}.Debug|Any CPU.ActiveCfg = Debug|Any CPU
		{10CCB819-2363-45D4-8173-825C6EF988FE}.Debug|Any CPU.Build.0 = Debug|Any CPU
		{10CCB819-2363-45D4-8173-825C6EF988FE}.Debug|x64.ActiveCfg = Debug|Any CPU
		{10CCB819-2363-45D4-8173-825C6EF988FE}.Debug|x86.ActiveCfg = Debug|Any CPU
		{10CCB819-2363-45D4-8173-825C6EF988FE}.Documentation|Any CPU.ActiveCfg = Debug|Any CPU
		{10CCB819-2363-45D4-8173-825C6EF988FE}.Documentation|Any CPU.Build.0 = Debug|Any CPU
		{10CCB819-2363-45D4-8173-825C6EF988FE}.Documentation|x64.ActiveCfg = Debug|Any CPU
		{10CCB819-2363-45D4-8173-825C6EF988FE}.Documentation|x86.ActiveCfg = Debug|Any CPU
		{10CCB819-2363-45D4-8173-825C6EF988FE}.Nsis|Any CPU.ActiveCfg = Release|Any CPU
		{10CCB819-2363-45D4-8173-825C6EF988FE}.Nsis|Any CPU.Build.0 = Release|Any CPU
		{10CCB819-2363-45D4-8173-825C6EF988FE}.Nsis|x64.ActiveCfg = Release|Any CPU
		{10CCB819-2363-45D4-8173-825C6EF988FE}.Nsis|x86.ActiveCfg = Release|Any CPU
		{10CCB819-2363-45D4-8173-825C6EF988FE}.Release|Any CPU.ActiveCfg = Release|Any CPU
		{10CCB819-2363-45D4-8173-825C6EF988FE}.Release|Any CPU.Build.0 = Release|Any CPU
		{10CCB819-2363-45D4-8173-825C6EF988FE}.Release|x64.ActiveCfg = Release|Any CPU
		{10CCB819-2363-45D4-8173-825C6EF988FE}.Release|x86.ActiveCfg = Release|Any CPU
		{BF3B29F8-DA04-4973-93DB-144A5BBE2472}.Debug|Any CPU.ActiveCfg = Debug|Any CPU
		{BF3B29F8-DA04-4973-93DB-144A5BBE2472}.Debug|Any CPU.Build.0 = Debug|Any CPU
		{BF3B29F8-DA04-4973-93DB-144A5BBE2472}.Debug|x64.ActiveCfg = Debug|Any CPU
		{BF3B29F8-DA04-4973-93DB-144A5BBE2472}.Debug|x86.ActiveCfg = Debug|Any CPU
		{BF3B29F8-DA04-4973-93DB-144A5BBE2472}.Documentation|Any CPU.ActiveCfg = Debug|Any CPU
		{BF3B29F8-DA04-4973-93DB-144A5BBE2472}.Documentation|Any CPU.Build.0 = Debug|Any CPU
		{BF3B29F8-DA04-4973-93DB-144A5BBE2472}.Documentation|x64.ActiveCfg = Debug|Any CPU
		{BF3B29F8-DA04-4973-93DB-144A5BBE2472}.Documentation|x86.ActiveCfg = Debug|Any CPU
		{BF3B29F8-DA04-4973-93DB-144A5BBE2472}.Nsis|Any CPU.ActiveCfg = Release|Any CPU
		{BF3B29F8-DA04-4973-93DB-144A5BBE2472}.Nsis|Any CPU.Build.0 = Release|Any CPU
		{BF3B29F8-DA04-4973-93DB-144A5BBE2472}.Nsis|x64.ActiveCfg = Release|Any CPU
		{BF3B29F8-DA04-4973-93DB-144A5BBE2472}.Nsis|x86.ActiveCfg = Release|Any CPU
		{BF3B29F8-DA04-4973-93DB-144A5BBE2472}.Release|Any CPU.ActiveCfg = Release|Any CPU
		{BF3B29F8-DA04-4973-93DB-144A5BBE2472}.Release|Any CPU.Build.0 = Release|Any CPU
		{BF3B29F8-DA04-4973-93DB-144A5BBE2472}.Release|x64.ActiveCfg = Release|Any CPU
		{BF3B29F8-DA04-4973-93DB-144A5BBE2472}.Release|x86.ActiveCfg = Release|Any CPU
	EndGlobalSection
	GlobalSection(SolutionProperties) = preSolution
		HideSolutionNode = FALSE
	EndGlobalSection
EndGlobal
